// !$*UTF8*$!
{
	archiveVersion = 1;
	classes = {
	};
	objectVersion = 50;
	objects = {

/* Begin PBXBuildFile section */
		333E8AF326D63BFB008CB18C /* AppDelegate.swift in Sources */ = {isa = PBXBuildFile; fileRef = 333E8AF226D63BFB008CB18C /* AppDelegate.swift */; };
		333E8AF526D63BFB008CB18C /* SceneDelegate.swift in Sources */ = {isa = PBXBuildFile; fileRef = 333E8AF426D63BFB008CB18C /* SceneDelegate.swift */; };
		333E8AF726D63BFB008CB18C /* LoginViewController.swift in Sources */ = {isa = PBXBuildFile; fileRef = 333E8AF626D63BFB008CB18C /* LoginViewController.swift */; };
		333E8AFA26D63BFB008CB18C /* Main.storyboard in Resources */ = {isa = PBXBuildFile; fileRef = 333E8AF826D63BFB008CB18C /* Main.storyboard */; };
		333E8AFC26D63BFB008CB18C /* Assets.xcassets in Resources */ = {isa = PBXBuildFile; fileRef = 333E8AFB26D63BFB008CB18C /* Assets.xcassets */; };
		333E8AFF26D63BFB008CB18C /* LaunchScreen.storyboard in Resources */ = {isa = PBXBuildFile; fileRef = 333E8AFD26D63BFB008CB18C /* LaunchScreen.storyboard */; };
		333E8B0726D6CE5E008CB18C /* WelcomeViewController.swift in Sources */ = {isa = PBXBuildFile; fileRef = 333E8B0626D6CE5E008CB18C /* WelcomeViewController.swift */; };
		3360578926DB8C190021831F /* AboutMeViewController.swift in Sources */ = {isa = PBXBuildFile; fileRef = 3360578826DB8C190021831F /* AboutMeViewController.swift */; };
		3379E49C26DB735B009721FF /* User.swift in Sources */ = {isa = PBXBuildFile; fileRef = 3379E49B26DB735B009721FF /* User.swift */; };
/* End PBXBuildFile section */

/* Begin PBXFileReference section */
		333E8AEF26D63BFB008CB18C /* HomeWork2.3.app */ = {isa = PBXFileReference; explicitFileType = wrapper.application; includeInIndex = 0; path = HomeWork2.3.app; sourceTree = BUILT_PRODUCTS_DIR; };
		333E8AF226D63BFB008CB18C /* AppDelegate.swift */ = {isa = PBXFileReference; lastKnownFileType = sourcecode.swift; path = AppDelegate.swift; sourceTree = "<group>"; };
		333E8AF426D63BFB008CB18C /* SceneDelegate.swift */ = {isa = PBXFileReference; lastKnownFileType = sourcecode.swift; path = SceneDelegate.swift; sourceTree = "<group>"; };
		333E8AF626D63BFB008CB18C /* LoginViewController.swift */ = {isa = PBXFileReference; lastKnownFileType = sourcecode.swift; path = LoginViewController.swift; sourceTree = "<group>"; };
		333E8AF926D63BFB008CB18C /* Base */ = {isa = PBXFileReference; lastKnownFileType = file.storyboard; name = Base; path = Base.lproj/Main.storyboard; sourceTree = "<group>"; };
		333E8AFB26D63BFB008CB18C /* Assets.xcassets */ = {isa = PBXFileReference; lastKnownFileType = folder.assetcatalog; path = Assets.xcassets; sourceTree = "<group>"; };
		333E8AFE26D63BFB008CB18C /* Base */ = {isa = PBXFileReference; lastKnownFileType = file.storyboard; name = Base; path = Base.lproj/LaunchScreen.storyboard; sourceTree = "<group>"; };
		333E8B0026D63BFB008CB18C /* Info.plist */ = {isa = PBXFileReference; lastKnownFileType = text.plist.xml; path = Info.plist; sourceTree = "<group>"; };
		333E8B0626D6CE5E008CB18C /* WelcomeViewController.swift */ = {isa = PBXFileReference; lastKnownFileType = sourcecode.swift; path = WelcomeViewController.swift; sourceTree = "<group>"; };
		3360578826DB8C190021831F /* AboutMeViewController.swift */ = {isa = PBXFileReference; lastKnownFileType = sourcecode.swift; path = AboutMeViewController.swift; sourceTree = "<group>"; };
		3379E49B26DB735B009721FF /* User.swift */ = {isa = PBXFileReference; lastKnownFileType = sourcecode.swift; path = User.swift; sourceTree = "<group>"; };
/* End PBXFileReference section */

/* Begin PBXFrameworksBuildPhase section */
		333E8AEC26D63BFB008CB18C /* Frameworks */ = {
			isa = PBXFrameworksBuildPhase;
			buildActionMask = 2147483647;
			files = (
			);
			runOnlyForDeploymentPostprocessing = 0;
		};
/* End PBXFrameworksBuildPhase section */

/* Begin PBXGroup section */
		333E8AE626D63BFB008CB18C = {
			isa = PBXGroup;
			children = (
				333E8AF126D63BFB008CB18C /* HomeWork2.3 */,
				333E8AF026D63BFB008CB18C /* Products */,
			);
			sourceTree = "<group>";
		};
		333E8AF026D63BFB008CB18C /* Products */ = {
			isa = PBXGroup;
			children = (
				333E8AEF26D63BFB008CB18C /* HomeWork2.3.app */,
			);
			name = Products;
			sourceTree = "<group>";
		};
		333E8AF126D63BFB008CB18C /* HomeWork2.3 */ = {
			isa = PBXGroup;
			children = (
				333E8AF226D63BFB008CB18C /* AppDelegate.swift */,
				333E8AF426D63BFB008CB18C /* SceneDelegate.swift */,
				3379E49A26DB72C0009721FF /* Models */,
				3379E49926DB728B009721FF /* View */,
				333E8AF826D63BFB008CB18C /* Main.storyboard */,
				333E8AFB26D63BFB008CB18C /* Assets.xcassets */,
				333E8AFD26D63BFB008CB18C /* LaunchScreen.storyboard */,
				333E8B0026D63BFB008CB18C /* Info.plist */,
			);
			path = HomeWork2.3;
			sourceTree = "<group>";
		};
		3379E49926DB728B009721FF /* View */ = {
			isa = PBXGroup;
			children = (
				333E8AF626D63BFB008CB18C /* LoginViewController.swift */,
				333E8B0626D6CE5E008CB18C /* WelcomeViewController.swift */,
				3360578826DB8C190021831F /* AboutMeViewController.swift */,
			);
			path = View;
			sourceTree = "<group>";
		};
		3379E49A26DB72C0009721FF /* Models */ = {
			isa = PBXGroup;
			children = (
				3379E49B26DB735B009721FF /* User.swift */,
			);
			path = Models;
			sourceTree = "<group>";
		};
/* End PBXGroup section */

/* Begin PBXNativeTarget section */
		333E8AEE26D63BFB008CB18C /* HomeWork2.3 */ = {
			isa = PBXNativeTarget;
			buildConfigurationList = 333E8B0326D63BFB008CB18C /* Build configuration list for PBXNativeTarget "HomeWork2.3" */;
			buildPhases = (
				333E8AEB26D63BFB008CB18C /* Sources */,
				333E8AEC26D63BFB008CB18C /* Frameworks */,
				333E8AED26D63BFB008CB18C /* Resources */,
			);
			buildRules = (
			);
			dependencies = (
			);
			name = HomeWork2.3;
			productName = HomeWork2.3;
			productReference = 333E8AEF26D63BFB008CB18C /* HomeWork2.3.app */;
			productType = "com.apple.product-type.application";
		};
/* End PBXNativeTarget section */

/* Begin PBXProject section */
		333E8AE726D63BFB008CB18C /* Project object */ = {
			isa = PBXProject;
			attributes = {
				LastSwiftUpdateCheck = 1250;
				LastUpgradeCheck = 1250;
				TargetAttributes = {
					333E8AEE26D63BFB008CB18C = {
						CreatedOnToolsVersion = 12.5.1;
					};
				};
			};
			buildConfigurationList = 333E8AEA26D63BFB008CB18C /* Build configuration list for PBXProject "HomeWork2.3" */;
			compatibilityVersion = "Xcode 9.3";
			developmentRegion = en;
			hasScannedForEncodings = 0;
			knownRegions = (
				en,
				Base,
			);
			mainGroup = 333E8AE626D63BFB008CB18C;
			productRefGroup = 333E8AF026D63BFB008CB18C /* Products */;
			projectDirPath = "";
			projectRoot = "";
			targets = (
				333E8AEE26D63BFB008CB18C /* HomeWork2.3 */,
			);
		};
/* End PBXProject section */

/* Begin PBXResourcesBuildPhase section */
		333E8AED26D63BFB008CB18C /* Resources */ = {
			isa = PBXResourcesBuildPhase;
			buildActionMask = 2147483647;
			files = (
				333E8AFF26D63BFB008CB18C /* LaunchScreen.storyboard in Resources */,
				333E8AFC26D63BFB008CB18C /* Assets.xcassets in Resources */,
				333E8AFA26D63BFB008CB18C /* Main.storyboard in Resources */,
			);
			runOnlyForDeploymentPostprocessing = 0;
		};
/* End PBXResourcesBuildPhase section */

/* Begin PBXSourcesBuildPhase section */
		333E8AEB26D63BFB008CB18C /* Sources */ = {
			isa = PBXSourcesBuildPhase;
			buildActionMask = 2147483647;
			files = (
				333E8AF726D63BFB008CB18C /* LoginViewController.swift in Sources */,
				333E8B0726D6CE5E008CB18C /* WelcomeViewController.swift in Sources */,
				333E8AF326D63BFB008CB18C /* AppDelegate.swift in Sources */,
				3379E49C26DB735B009721FF /* User.swift in Sources */,
				3360578926DB8C190021831F /* AboutMeViewController.swift in Sources */,
				333E8AF526D63BFB008CB18C /* SceneDelegate.swift in Sources */,
			);
			runOnlyForDeploymentPostprocessing = 0;
		};
/* End PBXSourcesBuildPhase section */

/* Begin PBXVariantGroup section */
		333E8AF826D63BFB008CB18C /* Main.storyboard */ = {
			isa = PBXVariantGroup;
			children = (
				333E8AF926D63BFB008CB18C /* Base */,
			);
			name = Main.storyboard;
			sourceTree = "<group>";
		};
		333E8AFD26D63BFB008CB18C /* LaunchScreen.storyboard */ = {
			isa = PBXVariantGroup;
			children = (
				333E8AFE26D63BFB008CB18C /* Base */,
			);
			name = LaunchScreen.storyboard;
			sourceTree = "<group>";
		};
/* End PBXVariantGroup section */

/* Begin XCBuildConfiguration section */
		333E8B0126D63BFB008CB18C /* Debug */ = {
			isa = XCBuildConfiguration;
			buildSettings = {
				ALWAYS_SEARCH_USER_PATHS = NO;
				CLANG_ANALYZER_NONNULL = YES;
				CLANG_ANALYZER_NUMBER_OBJECT_CONVERSION = YES_AGGRESSIVE;
				CLANG_CXX_LANGUAGE_STANDARD = "gnu++14";
				CLANG_CXX_LIBRARY = "libc++";
				CLANG_ENABLE_MODULES = YES;
				CLANG_ENABLE_OBJC_ARC = YES;
				CLANG_ENABLE_OBJC_WEAK = YES;
				CLANG_WARN_BLOCK_CAPTURE_AUTORELEASING = YES;
				CLANG_WARN_BOOL_CONVERSION = YES;
				CLANG_WARN_COMMA = YES;
				CLANG_WARN_CONSTANT_CONVERSION = YES;
				CLANG_WARN_DEPRECATED_OBJC_IMPLEMENTATIONS = YES;
				CLANG_WARN_DIRECT_OBJC_ISA_USAGE = YES_ERROR;
				CLANG_WARN_DOCUMENTATION_COMMENTS = YES;
				CLANG_WARN_EMPTY_BODY = YES;
				CLANG_WARN_ENUM_CONVERSION = YES;
				CLANG_WARN_INFINITE_RECURSION = YES;
				CLANG_WARN_INT_CONVERSION = YES;
				CLANG_WARN_NON_LITERAL_NULL_CONVERSION = YES;
				CLANG_WARN_OBJC_IMPLICIT_RETAIN_SELF = YES;
				CLANG_WARN_OBJC_LITERAL_CONVERSION = YES;
				CLANG_WARN_OBJC_ROOT_CLASS = YES_ERROR;
				CLANG_WARN_QUOTED_INCLUDE_IN_FRAMEWORK_HEADER = YES;
				CLANG_WARN_RANGE_LOOP_ANALYSIS = YES;
				CLANG_WARN_STRICT_PROTOTYPES = YES;
				CLANG_WARN_SUSPICIOUS_MOVE = YES;
				CLANG_WARN_UNGUARDED_AVAILABILITY = YES_AGGRESSIVE;
				CLANG_WARN_UNREACHABLE_CODE = YES;
				CLANG_WARN__DUPLICATE_METHOD_MATCH = YES;
				COPY_PHASE_STRIP = NO;
				DEBUG_INFORMATION_FORMAT = dwarf;
				ENABLE_STRICT_OBJC_MSGSEND = YES;
				ENABLE_TESTABILITY = YES;
				GCC_C_LANGUAGE_STANDARD = gnu11;
				GCC_DYNAMIC_NO_PIC = NO;
				GCC_NO_COMMON_BLOCKS = YES;
				GCC_OPTIMIZATION_LEVEL = 0;
				GCC_PREPROCESSOR_DEFINITIONS = (
					"DEBUG=1",
					"$(inherited)",
				);
				GCC_WARN_64_TO_32_BIT_CONVERSION = YES;
				GCC_WARN_ABOUT_RETURN_TYPE = YES_ERROR;
				GCC_WARN_UNDECLARED_SELECTOR = YES;
				GCC_WARN_UNINITIALIZED_AUTOS = YES_AGGRESSIVE;
				GCC_WARN_UNUSED_FUNCTION = YES;
				GCC_WARN_UNUSED_VARIABLE = YES;
				IPHONEOS_DEPLOYMENT_TARGET = 14.5;
				MTL_ENABLE_DEBUG_INFO = INCLUDE_SOURCE;
				MTL_FAST_MATH = YES;
				ONLY_ACTIVE_ARCH = YES;
				SDKROOT = iphoneos;
				SWIFT_ACTIVE_COMPILATION_CONDITIONS = DEBUG;
				SWIFT_OPTIMIZATION_LEVEL = "-Onone";
			};
			name = Debug;
		};
		333E8B0226D63BFB008CB18C /* Release */ = {
			isa = XCBuildConfiguration;
			buildSettings = {
				ALWAYS_SEARCH_USER_PATHS = NO;
				CLANG_ANALYZER_NONNULL = YES;
				CLANG_ANALYZER_NUMBER_OBJECT_CONVERSION = YES_AGGRESSIVE;
				CLANG_CXX_LANGUAGE_STANDARD = "gnu++14";
				CLANG_CXX_LIBRARY = "libc++";
				CLANG_ENABLE_MODULES = YES;
				CLANG_ENABLE_OBJC_ARC = YES;
				CLANG_ENABLE_OBJC_WEAK = YES;
				CLANG_WARN_BLOCK_CAPTURE_AUTORELEASING = YES;
				CLANG_WARN_BOOL_CONVERSION = YES;
				CLANG_WARN_COMMA = YES;
				CLANG_WARN_CONSTANT_CONVERSION = YES;
				CLANG_WARN_DEPRECATED_OBJC_IMPLEMENTATIONS = YES;
				CLANG_WARN_DIRECT_OBJC_ISA_USAGE = YES_ERROR;
				CLANG_WARN_DOCUMENTATION_COMMENTS = YES;
				CLANG_WARN_EMPTY_BODY = YES;
				CLANG_WARN_ENUM_CONVERSION = YES;
				CLANG_WARN_INFINITE_RECURSION = YES;
				CLANG_WARN_INT_CONVERSION = YES;
				CLANG_WARN_NON_LITERAL_NULL_CONVERSION = YES;
				CLANG_WARN_OBJC_IMPLICIT_RETAIN_SELF = YES;
				CLANG_WARN_OBJC_LITERAL_CONVERSION = YES;
				CLANG_WARN_OBJC_ROOT_CLASS = YES_ERROR;
				CLANG_WARN_QUOTED_INCLUDE_IN_FRAMEWORK_HEADER = YES;
				CLANG_WARN_RANGE_LOOP_ANALYSIS = YES;
				CLANG_WARN_STRICT_PROTOTYPES = YES;
				CLANG_WARN_SUSPICIOUS_MOVE = YES;
				CLANG_WARN_UNGUARDED_AVAILABILITY = YES_AGGRESSIVE;
				CLANG_WARN_UNREACHABLE_CODE = YES;
				CLANG_WARN__DUPLICATE_METHOD_MATCH = YES;
				COPY_PHASE_STRIP = NO;
				DEBUG_INFORMATION_FORMAT = "dwarf-with-dsym";
				ENABLE_NS_ASSERTIONS = NO;
				ENABLE_STRICT_OBJC_MSGSEND = YES;
				GCC_C_LANGUAGE_STANDARD = gnu11;
				GCC_NO_COMMON_BLOCKS = YES;
				GCC_WARN_64_TO_32_BIT_CONVERSION = YES;
				GCC_WARN_ABOUT_RETURN_TYPE = YES_ERROR;
				GCC_WARN_UNDECLARED_SELECTOR = YES;
				GCC_WARN_UNINITIALIZED_AUTOS = YES_AGGRESSIVE;
				GCC_WARN_UNUSED_FUNCTION = YES;
				GCC_WARN_UNUSED_VARIABLE = YES;
				IPHONEOS_DEPLOYMENT_TARGET = 14.5;
				MTL_ENABLE_DEBUG_INFO = NO;
				MTL_FAST_MATH = YES;
				SDKROOT = iphoneos;
				SWIFT_COMPILATION_MODE = wholemodule;
				SWIFT_OPTIMIZATION_LEVEL = "-O";
				VALIDATE_PRODUCT = YES;
			};
			name = Release;
		};
		333E8B0426D63BFB008CB18C /* Debug */ = {
			isa = XCBuildConfiguration;
			buildSettings = {
				ASSETCATALOG_COMPILER_APPICON_NAME = AppIcon;
				ASSETCATALOG_COMPILER_GLOBAL_ACCENT_COLOR_NAME = AccentColor;
				CODE_SIGN_STYLE = Automatic;
				DEVELOPMENT_TEAM = 8KA537D8MD;
				INFOPLIST_FILE = HomeWork2.3/Info.plist;
				LD_RUNPATH_SEARCH_PATHS = (
					"$(inherited)",
					"@executable_path/Frameworks",
				);
				PRODUCT_BUNDLE_IDENTIFIER = "com.Chuma.HomeWork2-3";
				PRODUCT_NAME = "$(TARGET_NAME)";
				SWIFT_VERSION = 5.0;
				TARGETED_DEVICE_FAMILY = "1,2";
			};
			name = Debug;
		};
		333E8B0526D63BFB008CB18C /* Release */ = {
			isa = XCBuildConfiguration;
			buildSettings = {
				ASSETCATALOG_COMPILER_APPICON_NAME = AppIcon;
				ASSETCATALOG_COMPILER_GLOBAL_ACCENT_COLOR_NAME = AccentColor;
				CODE_SIGN_STYLE = Automatic;
				DEVELOPMENT_TEAM = 8KA537D8MD;
				INFOPLIST_FILE = HomeWork2.3/Info.plist;
				LD_RUNPATH_SEARCH_PATHS = (
					"$(inherited)",
					"@executable_path/Frameworks",
				);
				PRODUCT_BUNDLE_IDENTIFIER = "com.Chuma.HomeWork2-3";
				PRODUCT_NAME = "$(TARGET_NAME)";
				SWIFT_VERSION = 5.0;
				TARGETED_DEVICE_FAMILY = "1,2";
			};
			name = Release;
		};
/* End XCBuildConfiguration section */

/* Begin XCConfigurationList section */
		333E8AEA26D63BFB008CB18C /* Build configuration list for PBXProject "HomeWork2.3" */ = {
			isa = XCConfigurationList;
			buildConfigurations = (
				333E8B0126D63BFB008CB18C /* Debug */,
				333E8B0226D63BFB008CB18C /* Release */,
			);
			defaultConfigurationIsVisible = 0;
			defaultConfigurationName = Release;
		};
		333E8B0326D63BFB008CB18C /* Build configuration list for PBXNativeTarget "HomeWork2.3" */ = {
			isa = XCConfigurationList;
			buildConfigurations = (
				333E8B0426D63BFB008CB18C /* Debug */,
				333E8B0526D63BFB008CB18C /* Release */,
			);
			defaultConfigurationIsVisible = 0;
			defaultConfigurationName = Release;
		};
/* End XCConfigurationList section */
	};
	rootObject = 333E8AE726D63BFB008CB18C /* Project object */;
}
